// !$*UTF8*$!
{
	archiveVersion = 1;
	classes = {
	};
	objectVersion = 51;
	objects = {

/* Begin PBXBuildFile section */
		14F1B0BBE3593C4707F66892 /* Pods_Parstagram.framework in Frameworks */ = {isa = PBXBuildFile; fileRef = C23B7A263AB05119810A47D4 /* Pods_Parstagram.framework */; };
		343A568D777F84DA56930350 /* Pods_Parstagram_ParstagramUITests.framework in Frameworks */ = {isa = PBXBuildFile; fileRef = 8AE4CC3716955B37A31E631F /* Pods_Parstagram_ParstagramUITests.framework */; };
		576036A52542A8BE00A4B557 /* LoginViewController.swift in Sources */ = {isa = PBXBuildFile; fileRef = 576036A42542A8BD00A4B557 /* LoginViewController.swift */; };
		576036AA2542A8D100A4B557 /* FeedViewController.swift in Sources */ = {isa = PBXBuildFile; fileRef = 576036A92542A8D100A4B557 /* FeedViewController.swift */; };
		576036AF2542B1E800A4B557 /* CameraViewController.swift in Sources */ = {isa = PBXBuildFile; fileRef = 576036AE2542B1E800A4B557 /* CameraViewController.swift */; };
		576036BF2542BEEF00A4B557 /* PostCell.swift in Sources */ = {isa = PBXBuildFile; fileRef = 576036BE2542BEEF00A4B557 /* PostCell.swift */; };
		57B7E89F254D17D20049FA61 /* CommentCell.swift in Sources */ = {isa = PBXBuildFile; fileRef = 57B7E89E254D17D20049FA61 /* CommentCell.swift */; };
		57B942682542A16900562BD2 /* AppDelegate.swift in Sources */ = {isa = PBXBuildFile; fileRef = 57B942672542A16900562BD2 /* AppDelegate.swift */; };
		57B9426A2542A16900562BD2 /* SceneDelegate.swift in Sources */ = {isa = PBXBuildFile; fileRef = 57B942692542A16900562BD2 /* SceneDelegate.swift */; };
		57B9426F2542A16900562BD2 /* Main.storyboard in Resources */ = {isa = PBXBuildFile; fileRef = 57B9426D2542A16900562BD2 /* Main.storyboard */; };
		57B942712542A16B00562BD2 /* Assets.xcassets in Resources */ = {isa = PBXBuildFile; fileRef = 57B942702542A16B00562BD2 /* Assets.xcassets */; };
		57B942742542A16B00562BD2 /* LaunchScreen.storyboard in Resources */ = {isa = PBXBuildFile; fileRef = 57B942722542A16B00562BD2 /* LaunchScreen.storyboard */; };
		57B9427F2542A16C00562BD2 /* ParstagramTests.swift in Sources */ = {isa = PBXBuildFile; fileRef = 57B9427E2542A16C00562BD2 /* ParstagramTests.swift */; };
		57B9428A2542A16C00562BD2 /* ParstagramUITests.swift in Sources */ = {isa = PBXBuildFile; fileRef = 57B942892542A16C00562BD2 /* ParstagramUITests.swift */; };
		C4AE5522F29F27EBB46FA75A /* Pods_ParstagramTests.framework in Frameworks */ = {isa = PBXBuildFile; fileRef = 03A795AC789F3F553DAF0828 /* Pods_ParstagramTests.framework */; };
/* End PBXBuildFile section */

/* Begin PBXContainerItemProxy section */
		57B9427B2542A16C00562BD2 /* PBXContainerItemProxy */ = {
			isa = PBXContainerItemProxy;
			containerPortal = 57B9425C2542A16800562BD2 /* Project object */;
			proxyType = 1;
			remoteGlobalIDString = 57B942632542A16800562BD2;
			remoteInfo = Parstagram;
		};
		57B942862542A16C00562BD2 /* PBXContainerItemProxy */ = {
			isa = PBXContainerItemProxy;
			containerPortal = 57B9425C2542A16800562BD2 /* Project object */;
			proxyType = 1;
			remoteGlobalIDString = 57B942632542A16800562BD2;
			remoteInfo = Parstagram;
		};
/* End PBXContainerItemProxy section */

/* Begin PBXFileReference section */
		011B0CB46CC419AFCD4F3C9C /* Pods-ParstagramTests.release.xcconfig */ = {isa = PBXFileReference; includeInIndex = 1; lastKnownFileType = text.xcconfig; name = "Pods-ParstagramTests.release.xcconfig"; path = "Target Support Files/Pods-ParstagramTests/Pods-ParstagramTests.release.xcconfig"; sourceTree = "<group>"; };
		03A795AC789F3F553DAF0828 /* Pods_ParstagramTests.framework */ = {isa = PBXFileReference; explicitFileType = wrapper.framework; includeInIndex = 0; path = Pods_ParstagramTests.framework; sourceTree = BUILT_PRODUCTS_DIR; };
		576036A42542A8BD00A4B557 /* LoginViewController.swift */ = {isa = PBXFileReference; lastKnownFileType = sourcecode.swift; path = LoginViewController.swift; sourceTree = "<group>"; };
		576036A92542A8D100A4B557 /* FeedViewController.swift */ = {isa = PBXFileReference; lastKnownFileType = sourcecode.swift; path = FeedViewController.swift; sourceTree = "<group>"; };
		576036AE2542B1E800A4B557 /* CameraViewController.swift */ = {isa = PBXFileReference; lastKnownFileType = sourcecode.swift; path = CameraViewController.swift; sourceTree = "<group>"; };
		576036BE2542BEEF00A4B557 /* PostCell.swift */ = {isa = PBXFileReference; lastKnownFileType = sourcecode.swift; path = PostCell.swift; sourceTree = "<group>"; };
		579D0C21BC04867963AF4EA2 /* Pods-Parstagram-ParstagramUITests.debug.xcconfig */ = {isa = PBXFileReference; includeInIndex = 1; lastKnownFileType = text.xcconfig; name = "Pods-Parstagram-ParstagramUITests.debug.xcconfig"; path = "Target Support Files/Pods-Parstagram-ParstagramUITests/Pods-Parstagram-ParstagramUITests.debug.xcconfig"; sourceTree = "<group>"; };
		57B7E89E254D17D20049FA61 /* CommentCell.swift */ = {isa = PBXFileReference; lastKnownFileType = sourcecode.swift; path = CommentCell.swift; sourceTree = "<group>"; };
		57B942642542A16900562BD2 /* Parstagram.app */ = {isa = PBXFileReference; explicitFileType = wrapper.application; includeInIndex = 0; path = Parstagram.app; sourceTree = BUILT_PRODUCTS_DIR; };
		57B942672542A16900562BD2 /* AppDelegate.swift */ = {isa = PBXFileReference; lastKnownFileType = sourcecode.swift; path = AppDelegate.swift; sourceTree = "<group>"; };
		57B942692542A16900562BD2 /* SceneDelegate.swift */ = {isa = PBXFileReference; lastKnownFileType = sourcecode.swift; path = SceneDelegate.swift; sourceTree = "<group>"; };
		57B9426E2542A16900562BD2 /* Base */ = {isa = PBXFileReference; lastKnownFileType = file.storyboard; name = Base; path = Base.lproj/Main.storyboard; sourceTree = "<group>"; };
		57B942702542A16B00562BD2 /* Assets.xcassets */ = {isa = PBXFileReference; lastKnownFileType = folder.assetcatalog; path = Assets.xcassets; sourceTree = "<group>"; };
		57B942732542A16B00562BD2 /* Base */ = {isa = PBXFileReference; lastKnownFileType = file.storyboard; name = Base; path = Base.lproj/LaunchScreen.storyboard; sourceTree = "<group>"; };
		57B942752542A16B00562BD2 /* Info.plist */ = {isa = PBXFileReference; lastKnownFileType = text.plist.xml; path = Info.plist; sourceTree = "<group>"; };
		57B9427A2542A16C00562BD2 /* ParstagramTests.xctest */ = {isa = PBXFileReference; explicitFileType = wrapper.cfbundle; includeInIndex = 0; path = ParstagramTests.xctest; sourceTree = BUILT_PRODUCTS_DIR; };
		57B9427E2542A16C00562BD2 /* ParstagramTests.swift */ = {isa = PBXFileReference; lastKnownFileType = sourcecode.swift; path = ParstagramTests.swift; sourceTree = "<group>"; };
		57B942802542A16C00562BD2 /* Info.plist */ = {isa = PBXFileReference; lastKnownFileType = text.plist.xml; path = Info.plist; sourceTree = "<group>"; };
		57B942852542A16C00562BD2 /* ParstagramUITests.xctest */ = {isa = PBXFileReference; explicitFileType = wrapper.cfbundle; includeInIndex = 0; path = ParstagramUITests.xctest; sourceTree = BUILT_PRODUCTS_DIR; };
		57B942892542A16C00562BD2 /* ParstagramUITests.swift */ = {isa = PBXFileReference; lastKnownFileType = sourcecode.swift; path = ParstagramUITests.swift; sourceTree = "<group>"; };
		57B9428B2542A16C00562BD2 /* Info.plist */ = {isa = PBXFileReference; lastKnownFileType = text.plist.xml; path = Info.plist; sourceTree = "<group>"; };
		5BF5B22E01E00E8B93DB4CB9 /* Pods-ParstagramTests.debug.xcconfig */ = {isa = PBXFileReference; includeInIndex = 1; lastKnownFileType = text.xcconfig; name = "Pods-ParstagramTests.debug.xcconfig"; path = "Target Support Files/Pods-ParstagramTests/Pods-ParstagramTests.debug.xcconfig"; sourceTree = "<group>"; };
		72822B17DBD2D9136EF69767 /* Pods-Parstagram-ParstagramUITests.release.xcconfig */ = {isa = PBXFileReference; includeInIndex = 1; lastKnownFileType = text.xcconfig; name = "Pods-Parstagram-ParstagramUITests.release.xcconfig"; path = "Target Support Files/Pods-Parstagram-ParstagramUITests/Pods-Parstagram-ParstagramUITests.release.xcconfig"; sourceTree = "<group>"; };
		8AE4CC3716955B37A31E631F /* Pods_Parstagram_ParstagramUITests.framework */ = {isa = PBXFileReference; explicitFileType = wrapper.framework; includeInIndex = 0; path = Pods_Parstagram_ParstagramUITests.framework; sourceTree = BUILT_PRODUCTS_DIR; };
		ADC475562C1211CC76F12C80 /* Pods-Parstagram.debug.xcconfig */ = {isa = PBXFileReference; includeInIndex = 1; lastKnownFileType = text.xcconfig; name = "Pods-Parstagram.debug.xcconfig"; path = "Target Support Files/Pods-Parstagram/Pods-Parstagram.debug.xcconfig"; sourceTree = "<group>"; };
		C23B7A263AB05119810A47D4 /* Pods_Parstagram.framework */ = {isa = PBXFileReference; explicitFileType = wrapper.framework; includeInIndex = 0; path = Pods_Parstagram.framework; sourceTree = BUILT_PRODUCTS_DIR; };
		D5E600B0641DDF21BEF7AB2E /* Pods-Parstagram.release.xcconfig */ = {isa = PBXFileReference; includeInIndex = 1; lastKnownFileType = text.xcconfig; name = "Pods-Parstagram.release.xcconfig"; path = "Target Support Files/Pods-Parstagram/Pods-Parstagram.release.xcconfig"; sourceTree = "<group>"; };
/* End PBXFileReference section */

/* Begin PBXFrameworksBuildPhase section */
		57B942612542A16800562BD2 /* Frameworks */ = {
			isa = PBXFrameworksBuildPhase;
			buildActionMask = 2147483647;
			files = (
				14F1B0BBE3593C4707F66892 /* Pods_Parstagram.framework in Frameworks */,
			);
			runOnlyForDeploymentPostprocessing = 0;
		};
		57B942772542A16C00562BD2 /* Frameworks */ = {
			isa = PBXFrameworksBuildPhase;
			buildActionMask = 2147483647;
			files = (
				C4AE5522F29F27EBB46FA75A /* Pods_ParstagramTests.framework in Frameworks */,
			);
			runOnlyForDeploymentPostprocessing = 0;
		};
		57B942822542A16C00562BD2 /* Frameworks */ = {
			isa = PBXFrameworksBuildPhase;
			buildActionMask = 2147483647;
			files = (
				343A568D777F84DA56930350 /* Pods_Parstagram_ParstagramUITests.framework in Frameworks */,
			);
			runOnlyForDeploymentPostprocessing = 0;
		};
/* End PBXFrameworksBuildPhase section */

/* Begin PBXGroup section */
		57B9425B2542A16800562BD2 = {
			isa = PBXGroup;
			children = (
				57B942662542A16900562BD2 /* Parstagram */,
				57B9427D2542A16C00562BD2 /* ParstagramTests */,
				57B942882542A16C00562BD2 /* ParstagramUITests */,
				57B942652542A16900562BD2 /* Products */,
				68A46BFBAC760D61B8545F41 /* Pods */,
				93B71324CE946595F430AA32 /* Frameworks */,
			);
			sourceTree = "<group>";
		};
		57B942652542A16900562BD2 /* Products */ = {
			isa = PBXGroup;
			children = (
				57B942642542A16900562BD2 /* Parstagram.app */,
				57B9427A2542A16C00562BD2 /* ParstagramTests.xctest */,
				57B942852542A16C00562BD2 /* ParstagramUITests.xctest */,
			);
			name = Products;
			sourceTree = "<group>";
		};
		57B942662542A16900562BD2 /* Parstagram */ = {
			isa = PBXGroup;
			children = (
				57B942672542A16900562BD2 /* AppDelegate.swift */,
				57B942692542A16900562BD2 /* SceneDelegate.swift */,
				57B9426D2542A16900562BD2 /* Main.storyboard */,
				57B942702542A16B00562BD2 /* Assets.xcassets */,
				57B942722542A16B00562BD2 /* LaunchScreen.storyboard */,
				57B942752542A16B00562BD2 /* Info.plist */,
				576036A42542A8BD00A4B557 /* LoginViewController.swift */,
				576036A92542A8D100A4B557 /* FeedViewController.swift */,
				576036AE2542B1E800A4B557 /* CameraViewController.swift */,
				576036BE2542BEEF00A4B557 /* PostCell.swift */,
				57B7E89E254D17D20049FA61 /* CommentCell.swift */,
			);
			path = Parstagram;
			sourceTree = "<group>";
		};
		57B9427D2542A16C00562BD2 /* ParstagramTests */ = {
			isa = PBXGroup;
			children = (
				57B9427E2542A16C00562BD2 /* ParstagramTests.swift */,
				57B942802542A16C00562BD2 /* Info.plist */,
			);
			path = ParstagramTests;
			sourceTree = "<group>";
		};
		57B942882542A16C00562BD2 /* ParstagramUITests */ = {
			isa = PBXGroup;
			children = (
				57B942892542A16C00562BD2 /* ParstagramUITests.swift */,
				57B9428B2542A16C00562BD2 /* Info.plist */,
			);
			path = ParstagramUITests;
			sourceTree = "<group>";
		};
		68A46BFBAC760D61B8545F41 /* Pods */ = {
			isa = PBXGroup;
			children = (
				ADC475562C1211CC76F12C80 /* Pods-Parstagram.debug.xcconfig */,
				D5E600B0641DDF21BEF7AB2E /* Pods-Parstagram.release.xcconfig */,
				579D0C21BC04867963AF4EA2 /* Pods-Parstagram-ParstagramUITests.debug.xcconfig */,
				72822B17DBD2D9136EF69767 /* Pods-Parstagram-ParstagramUITests.release.xcconfig */,
				5BF5B22E01E00E8B93DB4CB9 /* Pods-ParstagramTests.debug.xcconfig */,
				011B0CB46CC419AFCD4F3C9C /* Pods-ParstagramTests.release.xcconfig */,
			);
			path = Pods;
			sourceTree = "<group>";
		};
		93B71324CE946595F430AA32 /* Frameworks */ = {
			isa = PBXGroup;
			children = (
				C23B7A263AB05119810A47D4 /* Pods_Parstagram.framework */,
				8AE4CC3716955B37A31E631F /* Pods_Parstagram_ParstagramUITests.framework */,
				03A795AC789F3F553DAF0828 /* Pods_ParstagramTests.framework */,
			);
			name = Frameworks;
			sourceTree = "<group>";
		};
/* End PBXGroup section */

/* Begin PBXNativeTarget section */
		57B942632542A16800562BD2 /* Parstagram */ = {
			isa = PBXNativeTarget;
			buildConfigurationList = 57B9428E2542A16C00562BD2 /* Build configuration list for PBXNativeTarget "Parstagram" */;
			buildPhases = (
				5CE04424088B76D3DE1F5241 /* [CP] Check Pods Manifest.lock */,
				57B942602542A16800562BD2 /* Sources */,
				57B942612542A16800562BD2 /* Frameworks */,
				57B942622542A16800562BD2 /* Resources */,
				A6164068445F3A312F2BB5E0 /* [CP] Embed Pods Frameworks */,
			);
			buildRules = (
			);
			dependencies = (
			);
			name = Parstagram;
			productName = Parstagram;
			productReference = 57B942642542A16900562BD2 /* Parstagram.app */;
			productType = "com.apple.product-type.application";
		};
		57B942792542A16C00562BD2 /* ParstagramTests */ = {
			isa = PBXNativeTarget;
			buildConfigurationList = 57B942912542A16C00562BD2 /* Build configuration list for PBXNativeTarget "ParstagramTests" */;
			buildPhases = (
				6B699F6EC463DEAFA05330AB /* [CP] Check Pods Manifest.lock */,
				57B942762542A16C00562BD2 /* Sources */,
				57B942772542A16C00562BD2 /* Frameworks */,
				57B942782542A16C00562BD2 /* Resources */,
			);
			buildRules = (
			);
			dependencies = (
				57B9427C2542A16C00562BD2 /* PBXTargetDependency */,
			);
			name = ParstagramTests;
			productName = ParstagramTests;
			productReference = 57B9427A2542A16C00562BD2 /* ParstagramTests.xctest */;
			productType = "com.apple.product-type.bundle.unit-test";
		};
		57B942842542A16C00562BD2 /* ParstagramUITests */ = {
			isa = PBXNativeTarget;
			buildConfigurationList = 57B942942542A16C00562BD2 /* Build configuration list for PBXNativeTarget "ParstagramUITests" */;
			buildPhases = (
				02AADE1C4C4B3DA60E5E3303 /* [CP] Check Pods Manifest.lock */,
				57B942812542A16C00562BD2 /* Sources */,
				57B942822542A16C00562BD2 /* Frameworks */,
				57B942832542A16C00562BD2 /* Resources */,
				171AF3B6E3BC857649CB565A /* [CP] Embed Pods Frameworks */,
			);
			buildRules = (
			);
			dependencies = (
				57B942872542A16C00562BD2 /* PBXTargetDependency */,
			);
			name = ParstagramUITests;
			productName = ParstagramUITests;
			productReference = 57B942852542A16C00562BD2 /* ParstagramUITests.xctest */;
			productType = "com.apple.product-type.bundle.ui-testing";
		};
/* End PBXNativeTarget section */

/* Begin PBXProject section */
		57B9425C2542A16800562BD2 /* Project object */ = {
			isa = PBXProject;
			attributes = {
				LastSwiftUpdateCheck = 1200;
				LastUpgradeCheck = 1200;
				TargetAttributes = {
					57B942632542A16800562BD2 = {
						CreatedOnToolsVersion = 12.0;
					};
					57B942792542A16C00562BD2 = {
						CreatedOnToolsVersion = 12.0;
						TestTargetID = 57B942632542A16800562BD2;
					};
					57B942842542A16C00562BD2 = {
						CreatedOnToolsVersion = 12.0;
						TestTargetID = 57B942632542A16800562BD2;
					};
				};
			};
			buildConfigurationList = 57B9425F2542A16800562BD2 /* Build configuration list for PBXProject "Parstagram" */;
			compatibilityVersion = "Xcode 9.3";
			developmentRegion = en;
			hasScannedForEncodings = 0;
			knownRegions = (
				en,
				Base,
			);
			mainGroup = 57B9425B2542A16800562BD2;
			productRefGroup = 57B942652542A16900562BD2 /* Products */;
			projectDirPath = "";
			projectRoot = "";
			targets = (
				57B942632542A16800562BD2 /* Parstagram */,
				57B942792542A16C00562BD2 /* ParstagramTests */,
				57B942842542A16C00562BD2 /* ParstagramUITests */,
			);
		};
/* End PBXProject section */

/* Begin PBXResourcesBuildPhase section */
		57B942622542A16800562BD2 /* Resources */ = {
			isa = PBXResourcesBuildPhase;
			buildActionMask = 2147483647;
			files = (
				57B942742542A16B00562BD2 /* LaunchScreen.storyboard in Resources */,
				57B942712542A16B00562BD2 /* Assets.xcassets in Resources */,
				57B9426F2542A16900562BD2 /* Main.storyboard in Resources */,
			);
			runOnlyForDeploymentPostprocessing = 0;
		};
		57B942782542A16C00562BD2 /* Resources */ = {
			isa = PBXResourcesBuildPhase;
			buildActionMask = 2147483647;
			files = (
			);
			runOnlyForDeploymentPostprocessing = 0;
		};
		57B942832542A16C00562BD2 /* Resources */ = {
			isa = PBXResourcesBuildPhase;
			buildActionMask = 2147483647;
			files = (
			);
			runOnlyForDeploymentPostprocessing = 0;
		};
/* End PBXResourcesBuildPhase section */

/* Begin PBXShellScriptBuildPhase section */
		02AADE1C4C4B3DA60E5E3303 /* [CP] Check Pods Manifest.lock */ = {
			isa = PBXShellScriptBuildPhase;
			buildActionMask = 2147483647;
			files = (
			);
			inputFileListPaths = (
			);
			inputPaths = (
				"${PODS_PODFILE_DIR_PATH}/Podfile.lock",
				"${PODS_ROOT}/Manifest.lock",
			);
			name = "[CP] Check Pods Manifest.lock";
			outputFileListPaths = (
			);
			outputPaths = (
				"$(DERIVED_FILE_DIR)/Pods-Parstagram-ParstagramUITests-checkManifestLockResult.txt",
			);
			runOnlyForDeploymentPostprocessing = 0;
			shellPath = /bin/sh;
			shellScript = "diff \"${PODS_PODFILE_DIR_PATH}/Podfile.lock\" \"${PODS_ROOT}/Manifest.lock\" > /dev/null\nif [ $? != 0 ] ; then\n    # print error to STDERR\n    echo \"error: The sandbox is not in sync with the Podfile.lock. Run 'pod install' or update your CocoaPods installation.\" >&2\n    exit 1\nfi\n# This output is used by Xcode 'outputs' to avoid re-running this script phase.\necho \"SUCCESS\" > \"${SCRIPT_OUTPUT_FILE_0}\"\n";
			showEnvVarsInLog = 0;
		};
		171AF3B6E3BC857649CB565A /* [CP] Embed Pods Frameworks */ = {
			isa = PBXShellScriptBuildPhase;
			buildActionMask = 2147483647;
			files = (
			);
			inputFileListPaths = (
				"${PODS_ROOT}/Target Support Files/Pods-Parstagram-ParstagramUITests/Pods-Parstagram-ParstagramUITests-frameworks-${CONFIGURATION}-input-files.xcfilelist",
			);
			name = "[CP] Embed Pods Frameworks";
			outputFileListPaths = (
				"${PODS_ROOT}/Target Support Files/Pods-Parstagram-ParstagramUITests/Pods-Parstagram-ParstagramUITests-frameworks-${CONFIGURATION}-output-files.xcfilelist",
			);
			runOnlyForDeploymentPostprocessing = 0;
			shellPath = /bin/sh;
			shellScript = "\"${PODS_ROOT}/Target Support Files/Pods-Parstagram-ParstagramUITests/Pods-Parstagram-ParstagramUITests-frameworks.sh\"\n";
			showEnvVarsInLog = 0;
		};
		5CE04424088B76D3DE1F5241 /* [CP] Check Pods Manifest.lock */ = {
			isa = PBXShellScriptBuildPhase;
			buildActionMask = 2147483647;
			files = (
			);
			inputFileListPaths = (
			);
			inputPaths = (
				"${PODS_PODFILE_DIR_PATH}/Podfile.lock",
				"${PODS_ROOT}/Manifest.lock",
			);
			name = "[CP] Check Pods Manifest.lock";
			outputFileListPaths = (
			);
			outputPaths = (
				"$(DERIVED_FILE_DIR)/Pods-Parstagram-checkManifestLockResult.txt",
			);
			runOnlyForDeploymentPostprocessing = 0;
			shellPath = /bin/sh;
			shellScript = "diff \"${PODS_PODFILE_DIR_PATH}/Podfile.lock\" \"${PODS_ROOT}/Manifest.lock\" > /dev/null\nif [ $? != 0 ] ; then\n    # print error to STDERR\n    echo \"error: The sandbox is not in sync with the Podfile.lock. Run 'pod install' or update your CocoaPods installation.\" >&2\n    exit 1\nfi\n# This output is used by Xcode 'outputs' to avoid re-running this script phase.\necho \"SUCCESS\" > \"${SCRIPT_OUTPUT_FILE_0}\"\n";
			showEnvVarsInLog = 0;
		};
		6B699F6EC463DEAFA05330AB /* [CP] Check Pods Manifest.lock */ = {
			isa = PBXShellScriptBuildPhase;
			buildActionMask = 2147483647;
			files = (
			);
			inputFileListPaths = (
			);
			inputPaths = (
				"${PODS_PODFILE_DIR_PATH}/Podfile.lock",
				"${PODS_ROOT}/Manifest.lock",
			);
			name = "[CP] Check Pods Manifest.lock";
			outputFileListPaths = (
			);
			outputPaths = (
				"$(DERIVED_FILE_DIR)/Pods-ParstagramTests-checkManifestLockResult.txt",
			);
			runOnlyForDeploymentPostprocessing = 0;
			shellPath = /bin/sh;
			shellScript = "diff \"${PODS_PODFILE_DIR_PATH}/Podfile.lock\" \"${PODS_ROOT}/Manifest.lock\" > /dev/null\nif [ $? != 0 ] ; then\n    # print error to STDERR\n    echo \"error: The sandbox is not in sync with the Podfile.lock. Run 'pod install' or update your CocoaPods installation.\" >&2\n    exit 1\nfi\n# This output is used by Xcode 'outputs' to avoid re-running this script phase.\necho \"SUCCESS\" > \"${SCRIPT_OUTPUT_FILE_0}\"\n";
			showEnvVarsInLog = 0;
		};
		A6164068445F3A312F2BB5E0 /* [CP] Embed Pods Frameworks */ = {
			isa = PBXShellScriptBuildPhase;
			buildActionMask = 2147483647;
			files = (
			);
			inputFileListPaths = (
				"${PODS_ROOT}/Target Support Files/Pods-Parstagram/Pods-Parstagram-frameworks-${CONFIGURATION}-input-files.xcfilelist",
			);
			name = "[CP] Embed Pods Frameworks";
			outputFileListPaths = (
				"${PODS_ROOT}/Target Support Files/Pods-Parstagram/Pods-Parstagram-frameworks-${CONFIGURATION}-output-files.xcfilelist",
			);
			runOnlyForDeploymentPostprocessing = 0;
			shellPath = /bin/sh;
			shellScript = "\"${PODS_ROOT}/Target Support Files/Pods-Parstagram/Pods-Parstagram-frameworks.sh\"\n";
			showEnvVarsInLog = 0;
		};
/* End PBXShellScriptBuildPhase section */

/* Begin PBXSourcesBuildPhase section */
		57B942602542A16800562BD2 /* Sources */ = {
			isa = PBXSourcesBuildPhase;
			buildActionMask = 2147483647;
			files = (
				576036A52542A8BE00A4B557 /* LoginViewController.swift in Sources */,
				576036AF2542B1E800A4B557 /* CameraViewController.swift in Sources */,
				57B942682542A16900562BD2 /* AppDelegate.swift in Sources */,
				576036AA2542A8D100A4B557 /* FeedViewController.swift in Sources */,
				57B9426A2542A16900562BD2 /* SceneDelegate.swift in Sources */,
				576036BF2542BEEF00A4B557 /* PostCell.swift in Sources */,
				57B7E89F254D17D20049FA61 /* CommentCell.swift in Sources */,
			);
			runOnlyForDeploymentPostprocessing = 0;
		};
		57B942762542A16C00562BD2 /* Sources */ = {
			isa = PBXSourcesBuildPhase;
			buildActionMask = 2147483647;
			files = (
				57B9427F2542A16C00562BD2 /* ParstagramTests.swift in Sources */,
			);
			runOnlyForDeploymentPostprocessing = 0;
		};
		57B942812542A16C00562BD2 /* Sources */ = {
			isa = PBXSourcesBuildPhase;
			buildActionMask = 2147483647;
			files = (
				57B9428A2542A16C00562BD2 /* ParstagramUITests.swift in Sources */,
			);
			runOnlyForDeploymentPostprocessing = 0;
		};
/* End PBXSourcesBuildPhase section */

/* Begin PBXTargetDependency section */
		57B9427C2542A16C00562BD2 /* PBXTargetDependency */ = {
			isa = PBXTargetDependency;
			target = 57B942632542A16800562BD2 /* Parstagram */;
			targetProxy = 57B9427B2542A16C00562BD2 /* PBXContainerItemProxy */;
		};
		57B942872542A16C00562BD2 /* PBXTargetDependency */ = {
			isa = PBXTargetDependency;
			target = 57B942632542A16800562BD2 /* Parstagram */;
			targetProxy = 57B942862542A16C00562BD2 /* PBXContainerItemProxy */;
		};
/* End PBXTargetDependency section */

/* Begin PBXVariantGroup section */
		57B9426D2542A16900562BD2 /* Main.storyboard */ = {
			isa = PBXVariantGroup;
			children = (
				57B9426E2542A16900562BD2 /* Base */,
			);
			name = Main.storyboard;
			sourceTree = "<group>";
		};
		57B942722542A16B00562BD2 /* LaunchScreen.storyboard */ = {
			isa = PBXVariantGroup;
			children = (
				57B942732542A16B00562BD2 /* Base */,
			);
			name = LaunchScreen.storyboard;
			sourceTree = "<group>";
		};
/* End PBXVariantGroup section */

/* Begin XCBuildConfiguration section */
		57B9428C2542A16C00562BD2 /* Debug */ = {
			isa = XCBuildConfiguration;
			buildSettings = {
				ALWAYS_SEARCH_USER_PATHS = NO;
				CLANG_ANALYZER_NONNULL = YES;
				CLANG_ANALYZER_NUMBER_OBJECT_CONVERSION = YES_AGGRESSIVE;
				CLANG_CXX_LANGUAGE_STANDARD = "gnu++14";
				CLANG_CXX_LIBRARY = "libc++";
				CLANG_ENABLE_MODULES = YES;
				CLANG_ENABLE_OBJC_ARC = YES;
				CLANG_ENABLE_OBJC_WEAK = YES;
				CLANG_WARN_BLOCK_CAPTURE_AUTORELEASING = YES;
				CLANG_WARN_BOOL_CONVERSION = YES;
				CLANG_WARN_COMMA = YES;
				CLANG_WARN_CONSTANT_CONVERSION = YES;
				CLANG_WARN_DEPRECATED_OBJC_IMPLEMENTATIONS = YES;
				CLANG_WARN_DIRECT_OBJC_ISA_USAGE = YES_ERROR;
				CLANG_WARN_DOCUMENTATION_COMMENTS = YES;
				CLANG_WARN_EMPTY_BODY = YES;
				CLANG_WARN_ENUM_CONVERSION = YES;
				CLANG_WARN_INFINITE_RECURSION = YES;
				CLANG_WARN_INT_CONVERSION = YES;
				CLANG_WARN_NON_LITERAL_NULL_CONVERSION = YES;
				CLANG_WARN_OBJC_IMPLICIT_RETAIN_SELF = YES;
				CLANG_WARN_OBJC_LITERAL_CONVERSION = YES;
				CLANG_WARN_OBJC_ROOT_CLASS = YES_ERROR;
				CLANG_WARN_QUOTED_INCLUDE_IN_FRAMEWORK_HEADER = YES;
				CLANG_WARN_RANGE_LOOP_ANALYSIS = YES;
				CLANG_WARN_STRICT_PROTOTYPES = YES;
				CLANG_WARN_SUSPICIOUS_MOVE = YES;
				CLANG_WARN_UNGUARDED_AVAILABILITY = YES_AGGRESSIVE;
				CLANG_WARN_UNREACHABLE_CODE = YES;
				CLANG_WARN__DUPLICATE_METHOD_MATCH = YES;
				COPY_PHASE_STRIP = NO;
				DEBUG_INFORMATION_FORMAT = dwarf;
				ENABLE_STRICT_OBJC_MSGSEND = YES;
				ENABLE_TESTABILITY = YES;
				GCC_C_LANGUAGE_STANDARD = gnu11;
				GCC_DYNAMIC_NO_PIC = NO;
				GCC_NO_COMMON_BLOCKS = YES;
				GCC_OPTIMIZATION_LEVEL = 0;
				GCC_PREPROCESSOR_DEFINITIONS = (
					"DEBUG=1",
					"$(inherited)",
				);
				GCC_WARN_64_TO_32_BIT_CONVERSION = YES;
				GCC_WARN_ABOUT_RETURN_TYPE = YES_ERROR;
				GCC_WARN_UNDECLARED_SELECTOR = YES;
				GCC_WARN_UNINITIALIZED_AUTOS = YES_AGGRESSIVE;
				GCC_WARN_UNUSED_FUNCTION = YES;
				GCC_WARN_UNUSED_VARIABLE = YES;
				IPHONEOS_DEPLOYMENT_TARGET = 14.0;
				MTL_ENABLE_DEBUG_INFO = INCLUDE_SOURCE;
				MTL_FAST_MATH = YES;
				ONLY_ACTIVE_ARCH = YES;
				SDKROOT = iphoneos;
				SWIFT_ACTIVE_COMPILATION_CONDITIONS = DEBUG;
				SWIFT_OPTIMIZATION_LEVEL = "-Onone";
			};
			name = Debug;
		};
		57B9428D2542A16C00562BD2 /* Release */ = {
			isa = XCBuildConfiguration;
			buildSettings = {
				ALWAYS_SEARCH_USER_PATHS = NO;
				CLANG_ANALYZER_NONNULL = YES;
				CLANG_ANALYZER_NUMBER_OBJECT_CONVERSION = YES_AGGRESSIVE;
				CLANG_CXX_LANGUAGE_STANDARD = "gnu++14";
				CLANG_CXX_LIBRARY = "libc++";
				CLANG_ENABLE_MODULES = YES;
				CLANG_ENABLE_OBJC_ARC = YES;
				CLANG_ENABLE_OBJC_WEAK = YES;
				CLANG_WARN_BLOCK_CAPTURE_AUTORELEASING = YES;
				CLANG_WARN_BOOL_CONVERSION = YES;
				CLANG_WARN_COMMA = YES;
				CLANG_WARN_CONSTANT_CONVERSION = YES;
				CLANG_WARN_DEPRECATED_OBJC_IMPLEMENTATIONS = YES;
				CLANG_WARN_DIRECT_OBJC_ISA_USAGE = YES_ERROR;
				CLANG_WARN_DOCUMENTATION_COMMENTS = YES;
				CLANG_WARN_EMPTY_BODY = YES;
				CLANG_WARN_ENUM_CONVERSION = YES;
				CLANG_WARN_INFINITE_RECURSION = YES;
				CLANG_WARN_INT_CONVERSION = YES;
				CLANG_WARN_NON_LITERAL_NULL_CONVERSION = YES;
				CLANG_WARN_OBJC_IMPLICIT_RETAIN_SELF = YES;
				CLANG_WARN_OBJC_LITERAL_CONVERSION = YES;
				CLANG_WARN_OBJC_ROOT_CLASS = YES_ERROR;
				CLANG_WARN_QUOTED_INCLUDE_IN_FRAMEWORK_HEADER = YES;
				CLANG_WARN_RANGE_LOOP_ANALYSIS = YES;
				CLANG_WARN_STRICT_PROTOTYPES = YES;
				CLANG_WARN_SUSPICIOUS_MOVE = YES;
				CLANG_WARN_UNGUARDED_AVAILABILITY = YES_AGGRESSIVE;
				CLANG_WARN_UNREACHABLE_CODE = YES;
				CLANG_WARN__DUPLICATE_METHOD_MATCH = YES;
				COPY_PHASE_STRIP = NO;
				DEBUG_INFORMATION_FORMAT = "dwarf-with-dsym";
				ENABLE_NS_ASSERTIONS = NO;
				ENABLE_STRICT_OBJC_MSGSEND = YES;
				GCC_C_LANGUAGE_STANDARD = gnu11;
				GCC_NO_COMMON_BLOCKS = YES;
				GCC_WARN_64_TO_32_BIT_CONVERSION = YES;
				GCC_WARN_ABOUT_RETURN_TYPE = YES_ERROR;
				GCC_WARN_UNDECLARED_SELECTOR = YES;
				GCC_WARN_UNINITIALIZED_AUTOS = YES_AGGRESSIVE;
				GCC_WARN_UNUSED_FUNCTION = YES;
				GCC_WARN_UNUSED_VARIABLE = YES;
				IPHONEOS_DEPLOYMENT_TARGET = 14.0;
				MTL_ENABLE_DEBUG_INFO = NO;
				MTL_FAST_MATH = YES;
				SDKROOT = iphoneos;
				SWIFT_COMPILATION_MODE = wholemodule;
				SWIFT_OPTIMIZATION_LEVEL = "-O";
				VALIDATE_PRODUCT = YES;
			};
			name = Release;
		};
		57B9428F2542A16C00562BD2 /* Debug */ = {
			isa = XCBuildConfiguration;
			baseConfigurationReference = ADC475562C1211CC76F12C80 /* Pods-Parstagram.debug.xcconfig */;
			buildSettings = {
				ASSETCATALOG_COMPILER_APPICON_NAME = AppIcon;
				ASSETCATALOG_COMPILER_GLOBAL_ACCENT_COLOR_NAME = AccentColor;
				CODE_SIGN_STYLE = Automatic;
				INFOPLIST_FILE = Parstagram/Info.plist;
				LD_RUNPATH_SEARCH_PATHS = (
					"$(inherited)",
					"@executable_path/Frameworks",
				);
				PRODUCT_BUNDLE_IDENTIFIER = vmiezah.Parstagram;
				PRODUCT_NAME = "$(TARGET_NAME)";
				SWIFT_VERSION = 5.0;
				TARGETED_DEVICE_FAMILY = "1,2";
			};
			name = Debug;
		};
		57B942902542A16C00562BD2 /* Release */ = {
			isa = XCBuildConfiguration;
			baseConfigurationReference = D5E600B0641DDF21BEF7AB2E /* Pods-Parstagram.release.xcconfig */;
			buildSettings = {
				ASSETCATALOG_COMPILER_APPICON_NAME = AppIcon;
				ASSETCATALOG_COMPILER_GLOBAL_ACCENT_COLOR_NAME = AccentColor;
				CODE_SIGN_STYLE = Automatic;
				INFOPLIST_FILE = Parstagram/Info.plist;
				LD_RUNPATH_SEARCH_PATHS = (
					"$(inherited)",
					"@executable_path/Frameworks",
				);
				PRODUCT_BUNDLE_IDENTIFIER = vmiezah.Parstagram;
				PRODUCT_NAME = "$(TARGET_NAME)";
				SWIFT_VERSION = 5.0;
				TARGETED_DEVICE_FAMILY = "1,2";
			};
			name = Release;
		};
		57B942922542A16C00562BD2 /* Debug */ = {
			isa = XCBuildConfiguration;
			baseConfigurationReference = 5BF5B22E01E00E8B93DB4CB9 /* Pods-ParstagramTests.debug.xcconfig */;
			buildSettings = {
				ALWAYS_EMBED_SWIFT_STANDARD_LIBRARIES = YES;
				BUNDLE_LOADER = "$(TEST_HOST)";
				CODE_SIGN_STYLE = Automatic;
				INFOPLIST_FILE = ParstagramTests/Info.plist;
				IPHONEOS_DEPLOYMENT_TARGET = 14.0;
				LD_RUNPATH_SEARCH_PATHS = (
					"$(inherited)",
					"@executable_path/Frameworks",
					"@loader_path/Frameworks",
				);
				PRODUCT_BUNDLE_IDENTIFIER = vmiezah.ParstagramTests;
				PRODUCT_NAME = "$(TARGET_NAME)";
				SWIFT_VERSION = 5.0;
				TARGETED_DEVICE_FAMILY = "1,2";
				TEST_HOST = "$(BUILT_PRODUCTS_DIR)/Parstagram.app/Parstagram";
			};
			name = Debug;
		};
		57B942932542A16C00562BD2 /* Release */ = {
			isa = XCBuildConfiguration;
			baseConfigurationReference = 011B0CB46CC419AFCD4F3C9C /* Pods-ParstagramTests.release.xcconfig */;
			buildSettings = {
				ALWAYS_EMBED_SWIFT_STANDARD_LIBRARIES = YES;
				BUNDLE_LOADER = "$(TEST_HOST)";
				CODE_SIGN_STYLE = Automatic;
				INFOPLIST_FILE = ParstagramTests/Info.plist;
				IPHONEOS_DEPLOYMENT_TARGET = 14.0;
				LD_RUNPATH_SEARCH_PATHS = (
					"$(inherited)",
					"@executable_path/Frameworks",
					"@loader_path/Frameworks",
				);
				PRODUCT_BUNDLE_IDENTIFIER = vmiezah.ParstagramTests;
				PRODUCT_NAME = "$(TARGET_NAME)";
				SWIFT_VERSION = 5.0;
				TARGETED_DEVICE_FAMILY = "1,2";
				TEST_HOST = "$(BUILT_PRODUCTS_DIR)/Parstagram.app/Parstagram";
			};
			name = Release;
		};
		57B942952542A16C00562BD2 /* Debug */ = {
			isa = XCBuildConfiguration;
			baseConfigurationReference = 579D0C21BC04867963AF4EA2 /* Pods-Parstagram-ParstagramUITests.debug.xcconfig */;
			buildSettings = {
				ALWAYS_EMBED_SWIFT_STANDARD_LIBRARIES = YES;
				CODE_SIGN_STYLE = Automatic;
				INFOPLIST_FILE = ParstagramUITests/Info.plist;
				LD_RUNPATH_SEARCH_PATHS = (
					"$(inherited)",
					"@executable_path/Frameworks",
					"@loader_path/Frameworks",
				);
				PRODUCT_BUNDLE_IDENTIFIER = vmiezah.ParstagramUITests;
				PRODUCT_NAME = "$(TARGET_NAME)";
				SWIFT_VERSION = 5.0;
				TARGETED_DEVICE_FAMILY = "1,2";
				TEST_TARGET_NAME = Parstagram;
			};
			name = Debug;
		};
		57B942962542A16C00562BD2 /* Release */ = {
			isa = XCBuildConfiguration;
			baseConfigurationReference = 72822B17DBD2D9136EF69767 /* Pods-Parstagram-ParstagramUITests.release.xcconfig */;
			buildSettings = {
				ALWAYS_EMBED_SWIFT_STANDARD_LIBRARIES = YES;
				CODE_SIGN_STYLE = Automatic;
				INFOPLIST_FILE = ParstagramUITests/Info.plist;
				LD_RUNPATH_SEARCH_PATHS = (
					"$(inherited)",
					"@executable_path/Frameworks",
					"@loader_path/Frameworks",
				);
				PRODUCT_BUNDLE_IDENTIFIER = vmiezah.ParstagramUITests;
				PRODUCT_NAME = "$(TARGET_NAME)";
				SWIFT_VERSION = 5.0;
				TARGETED_DEVICE_FAMILY = "1,2";
				TEST_TARGET_NAME = Parstagram;
			};
			name = Release;
		};
/* End XCBuildConfiguration section */

/* Begin XCConfigurationList section */
		57B9425F2542A16800562BD2 /* Build configuration list for PBXProject "Parstagram" */ = {
			isa = XCConfigurationList;
			buildConfigurations = (
				57B9428C2542A16C00562BD2 /* Debug */,
				57B9428D2542A16C00562BD2 /* Release */,
			);
			defaultConfigurationIsVisible = 0;
			defaultConfigurationName = Release;
		};
		57B9428E2542A16C00562BD2 /* Build configuration list for PBXNativeTarget "Parstagram" */ = {
			isa = XCConfigurationList;
			buildConfigurations = (
				57B9428F2542A16C00562BD2 /* Debug */,
				57B942902542A16C00562BD2 /* Release */,
			);
			defaultConfigurationIsVisible = 0;
			defaultConfigurationName = Release;
		};
		57B942912542A16C00562BD2 /* Build configuration list for PBXNativeTarget "ParstagramTests" */ = {
			isa = XCConfigurationList;
			buildConfigurations = (
				57B942922542A16C00562BD2 /* Debug */,
				57B942932542A16C00562BD2 /* Release */,
			);
			defaultConfigurationIsVisible = 0;
			defaultConfigurationName = Release;
		};
		57B942942542A16C00562BD2 /* Build configuration list for PBXNativeTarget "ParstagramUITests" */ = {
			isa = XCConfigurationList;
			buildConfigurations = (
				57B942952542A16C00562BD2 /* Debug */,
				57B942962542A16C00562BD2 /* Release */,
			);
			defaultConfigurationIsVisible = 0;
			defaultConfigurationName = Release;
		};
/* End XCConfigurationList section */
	};
	rootObject = 57B9425C2542A16800562BD2 /* Project object */;
}
